// !$*UTF8*$!
{
	archiveVersion = 1;
	classes = {
	};
	objectVersion = 77;
	objects = {

/* Begin PBXBuildFile section */
		700D166E2F838172004B6B57 /* WilgoConstants.swift in Sources */ = {isa = PBXBuildFile; fileRef = 700D166D2F838172004B6B57 /* WilgoConstants.swift */; };
		700D166F2F838172004B6B57 /* WilgoConstants.swift in Sources */ = {isa = PBXBuildFile; fileRef = 700D166D2F838172004B6B57 /* WilgoConstants.swift */; };
		701EBDC82F4E386C0060F5B6 /* Inject in Frameworks */ = {isa = PBXBuildFile; productRef = 701EBDC72F4E386C0060F5B6 /* Inject */; };
		701EBE7A2F5348DA0060F5B6 /* WidgetKit.framework in Frameworks */ = {isa = PBXBuildFile; fileRef = 701EBE792F5348DA0060F5B6 /* WidgetKit.framework */; };
		701EBE7C2F5348DA0060F5B6 /* SwiftUI.framework in Frameworks */ = {isa = PBXBuildFile; fileRef = 701EBE7B2F5348DA0060F5B6 /* SwiftUI.framework */; };
		701EBE892F5348DC0060F5B6 /* WidgetExtension.appex in Embed Foundation Extensions */ = {isa = PBXBuildFile; fileRef = 701EBE772F5348DA0060F5B6 /* WidgetExtension.appex */; settings = {ATTRIBUTES = (RemoveHeadersOnCopy, ); }; };
		701EC1C32F537F980060F5B6 /* NowAttributes.swift in Sources */ = {isa = PBXBuildFile; fileRef = 701EC1C22F537F6E0060F5B6 /* NowAttributes.swift */; };
		701EC1C42F537F980060F5B6 /* NowAttributes.swift in Sources */ = {isa = PBXBuildFile; fileRef = 701EC1C22F537F6E0060F5B6 /* NowAttributes.swift */; };
/* End PBXBuildFile section */

/* Begin PBXContainerItemProxy section */
		701EBDA72F4CDF360060F5B6 /* PBXContainerItemProxy */ = {
			isa = PBXContainerItemProxy;
			containerPortal = 701EBD8D2F4CDF320060F5B6 /* Project object */;
			proxyType = 1;
			remoteGlobalIDString = 701EBD942F4CDF320060F5B6;
			remoteInfo = Wilgo;
		};
		701EBDB12F4CDF360060F5B6 /* PBXContainerItemProxy */ = {
			isa = PBXContainerItemProxy;
			containerPortal = 701EBD8D2F4CDF320060F5B6 /* Project object */;
			proxyType = 1;
			remoteGlobalIDString = 701EBD942F4CDF320060F5B6;
			remoteInfo = Wilgo;
		};
		701EBE872F5348DC0060F5B6 /* PBXContainerItemProxy */ = {
			isa = PBXContainerItemProxy;
			containerPortal = 701EBD8D2F4CDF320060F5B6 /* Project object */;
			proxyType = 1;
			remoteGlobalIDString = 701EBE762F5348DA0060F5B6;
			remoteInfo = NowExtension;
		};
/* End PBXContainerItemProxy section */

/* Begin PBXCopyFilesBuildPhase section */
		701EBE8E2F5348DC0060F5B6 /* Embed Foundation Extensions */ = {
			isa = PBXCopyFilesBuildPhase;
			buildActionMask = 2147483647;
			dstPath = "";
			dstSubfolderSpec = 13;
			files = (
				701EBE892F5348DC0060F5B6 /* WidgetExtension.appex in Embed Foundation Extensions */,
			);
			name = "Embed Foundation Extensions";
			runOnlyForDeploymentPostprocessing = 0;
		};
/* End PBXCopyFilesBuildPhase section */

/* Begin PBXFileReference section */
		700D166D2F838172004B6B57 /* WilgoConstants.swift */ = {isa = PBXFileReference; lastKnownFileType = sourcecode.swift; path = WilgoConstants.swift; sourceTree = "<group>"; };
		701EBD952F4CDF320060F5B6 /* Wilgo.app */ = {isa = PBXFileReference; explicitFileType = wrapper.application; includeInIndex = 0; path = Wilgo.app; sourceTree = BUILT_PRODUCTS_DIR; };
		701EBDA62F4CDF360060F5B6 /* WilgoTests.xctest */ = {isa = PBXFileReference; explicitFileType = wrapper.cfbundle; includeInIndex = 0; path = WilgoTests.xctest; sourceTree = BUILT_PRODUCTS_DIR; };
		701EBDB02F4CDF360060F5B6 /* WilgoUITests.xctest */ = {isa = PBXFileReference; explicitFileType = wrapper.cfbundle; includeInIndex = 0; path = WilgoUITests.xctest; sourceTree = BUILT_PRODUCTS_DIR; };
		701EBE772F5348DA0060F5B6 /* WidgetExtension.appex */ = {isa = PBXFileReference; explicitFileType = "wrapper.app-extension"; includeInIndex = 0; path = WidgetExtension.appex; sourceTree = BUILT_PRODUCTS_DIR; };
		701EBE792F5348DA0060F5B6 /* WidgetKit.framework */ = {isa = PBXFileReference; lastKnownFileType = wrapper.framework; name = WidgetKit.framework; path = System/Library/Frameworks/WidgetKit.framework; sourceTree = SDKROOT; };
		701EBE7B2F5348DA0060F5B6 /* SwiftUI.framework */ = {isa = PBXFileReference; lastKnownFileType = wrapper.framework; name = SwiftUI.framework; path = System/Library/Frameworks/SwiftUI.framework; sourceTree = SDKROOT; };
		701EC1C22F537F6E0060F5B6 /* NowAttributes.swift */ = {isa = PBXFileReference; lastKnownFileType = sourcecode.swift; path = NowAttributes.swift; sourceTree = "<group>"; };
/* End PBXFileReference section */

/* Begin PBXFileSystemSynchronizedBuildFileExceptionSet section */
		701EBDB82F4CDF360060F5B6 /* Exceptions for "Wilgo" folder in "Wilgo" target */ = {
			isa = PBXFileSystemSynchronizedBuildFileExceptionSet;
			membershipExceptions = (
				Info.plist,
			);
			target = 701EBD942F4CDF320060F5B6 /* Wilgo */;
		};
		701EBE8D2F5348DC0060F5B6 /* Exceptions for "WidgetExtension" folder in "WidgetExtension" target */ = {
			isa = PBXFileSystemSynchronizedBuildFileExceptionSet;
			membershipExceptions = (
				Info.plist,
			);
			target = 701EBE762F5348DA0060F5B6 /* WidgetExtension */;
		};
/* End PBXFileSystemSynchronizedBuildFileExceptionSet section */

/* Begin PBXFileSystemSynchronizedRootGroup section */
		701EBD972F4CDF320060F5B6 /* Wilgo */ = {
			isa = PBXFileSystemSynchronizedRootGroup;
			exceptions = (
				701EBDB82F4CDF360060F5B6 /* Exceptions for "Wilgo" folder in "Wilgo" target */,
			);
			path = Wilgo;
			sourceTree = "<group>";
		};
		701EBDA92F4CDF360060F5B6 /* WilgoTests */ = {
			isa = PBXFileSystemSynchronizedRootGroup;
			path = WilgoTests;
			sourceTree = "<group>";
		};
		701EBDB32F4CDF360060F5B6 /* WilgoUITests */ = {
			isa = PBXFileSystemSynchronizedRootGroup;
			path = WilgoUITests;
			sourceTree = "<group>";
		};
		701EBE7D2F5348DA0060F5B6 /* WidgetExtension */ = {
			isa = PBXFileSystemSynchronizedRootGroup;
			exceptions = (
				701EBE8D2F5348DC0060F5B6 /* Exceptions for "WidgetExtension" folder in "WidgetExtension" target */,
			);
			path = WidgetExtension;
			sourceTree = "<group>";
		};
/* End PBXFileSystemSynchronizedRootGroup section */

/* Begin PBXFrameworksBuildPhase section */
		701EBD922F4CDF320060F5B6 /* Frameworks */ = {
			isa = PBXFrameworksBuildPhase;
			buildActionMask = 2147483647;
			files = (
				701EBDC82F4E386C0060F5B6 /* Inject in Frameworks */,
			);
			runOnlyForDeploymentPostprocessing = 0;
		};
		701EBDA32F4CDF360060F5B6 /* Frameworks */ = {
			isa = PBXFrameworksBuildPhase;
			buildActionMask = 2147483647;
			files = (
			);
			runOnlyForDeploymentPostprocessing = 0;
		};
		701EBDAD2F4CDF360060F5B6 /* Frameworks */ = {
			isa = PBXFrameworksBuildPhase;
			buildActionMask = 2147483647;
			files = (
			);
			runOnlyForDeploymentPostprocessing = 0;
		};
		701EBE742F5348DA0060F5B6 /* Frameworks */ = {
			isa = PBXFrameworksBuildPhase;
			buildActionMask = 2147483647;
			files = (
				701EBE7C2F5348DA0060F5B6 /* SwiftUI.framework in Frameworks */,
				701EBE7A2F5348DA0060F5B6 /* WidgetKit.framework in Frameworks */,
			);
			runOnlyForDeploymentPostprocessing = 0;
		};
/* End PBXFrameworksBuildPhase section */

/* Begin PBXGroup section */
		701EBD8C2F4CDF320060F5B6 = {
			isa = PBXGroup;
			children = (
				701EC1C12F537F610060F5B6 /* Shared */,
				701EBD972F4CDF320060F5B6 /* Wilgo */,
				701EBDA92F4CDF360060F5B6 /* WilgoTests */,
				701EBDB32F4CDF360060F5B6 /* WilgoUITests */,
				701EBE7D2F5348DA0060F5B6 /* WidgetExtension */,
				701EBE782F5348DA0060F5B6 /* Frameworks */,
				701EBD962F4CDF320060F5B6 /* Products */,
			);
			sourceTree = "<group>";
		};
		701EBD962F4CDF320060F5B6 /* Products */ = {
			isa = PBXGroup;
			children = (
				701EBD952F4CDF320060F5B6 /* Wilgo.app */,
				701EBDA62F4CDF360060F5B6 /* WilgoTests.xctest */,
				701EBDB02F4CDF360060F5B6 /* WilgoUITests.xctest */,
				701EBE772F5348DA0060F5B6 /* WidgetExtension.appex */,
			);
			name = Products;
			sourceTree = "<group>";
		};
		701EBE782F5348DA0060F5B6 /* Frameworks */ = {
			isa = PBXGroup;
			children = (
				701EBE792F5348DA0060F5B6 /* WidgetKit.framework */,
				701EBE7B2F5348DA0060F5B6 /* SwiftUI.framework */,
			);
			name = Frameworks;
			sourceTree = "<group>";
		};
		701EC1C12F537F610060F5B6 /* Shared */ = {
			isa = PBXGroup;
			children = (
				700D166D2F838172004B6B57 /* WilgoConstants.swift */,
				701EC1C22F537F6E0060F5B6 /* NowAttributes.swift */,
			);
			path = Shared;
			sourceTree = "<group>";
		};
/* End PBXGroup section */

/* Begin PBXNativeTarget section */
		701EBD942F4CDF320060F5B6 /* Wilgo */ = {
			isa = PBXNativeTarget;
			buildConfigurationList = 701EBDB92F4CDF360060F5B6 /* Build configuration list for PBXNativeTarget "Wilgo" */;
			buildPhases = (
				701EBD912F4CDF320060F5B6 /* Sources */,
				701EBD922F4CDF320060F5B6 /* Frameworks */,
				701EBD932F4CDF320060F5B6 /* Resources */,
				701EBE8E2F5348DC0060F5B6 /* Embed Foundation Extensions */,
			);
			buildRules = (
			);
			dependencies = (
				701EBE882F5348DC0060F5B6 /* PBXTargetDependency */,
			);
			fileSystemSynchronizedGroups = (
				701EBD972F4CDF320060F5B6 /* Wilgo */,
			);
			name = Wilgo;
			packageProductDependencies = (
				701EBDC72F4E386C0060F5B6 /* Inject */,
			);
			productName = Wilgo;
			productReference = 701EBD952F4CDF320060F5B6 /* Wilgo.app */;
			productType = "com.apple.product-type.application";
		};
		701EBDA52F4CDF360060F5B6 /* WilgoTests */ = {
			isa = PBXNativeTarget;
			buildConfigurationList = 701EBDBE2F4CDF360060F5B6 /* Build configuration list for PBXNativeTarget "WilgoTests" */;
			buildPhases = (
				701EBDA22F4CDF360060F5B6 /* Sources */,
				701EBDA32F4CDF360060F5B6 /* Frameworks */,
				701EBDA42F4CDF360060F5B6 /* Resources */,
			);
			buildRules = (
			);
			dependencies = (
				701EBDA82F4CDF360060F5B6 /* PBXTargetDependency */,
			);
			fileSystemSynchronizedGroups = (
				701EBDA92F4CDF360060F5B6 /* WilgoTests */,
			);
			name = WilgoTests;
			packageProductDependencies = (
			);
			productName = WilgoTests;
			productReference = 701EBDA62F4CDF360060F5B6 /* WilgoTests.xctest */;
			productType = "com.apple.product-type.bundle.unit-test";
		};
		701EBDAF2F4CDF360060F5B6 /* WilgoUITests */ = {
			isa = PBXNativeTarget;
			buildConfigurationList = 701EBDC12F4CDF360060F5B6 /* Build configuration list for PBXNativeTarget "WilgoUITests" */;
			buildPhases = (
				701EBDAC2F4CDF360060F5B6 /* Sources */,
				701EBDAD2F4CDF360060F5B6 /* Frameworks */,
				701EBDAE2F4CDF360060F5B6 /* Resources */,
			);
			buildRules = (
			);
			dependencies = (
				701EBDB22F4CDF360060F5B6 /* PBXTargetDependency */,
			);
			fileSystemSynchronizedGroups = (
				701EBDB32F4CDF360060F5B6 /* WilgoUITests */,
			);
			name = WilgoUITests;
			packageProductDependencies = (
			);
			productName = WilgoUITests;
			productReference = 701EBDB02F4CDF360060F5B6 /* WilgoUITests.xctest */;
			productType = "com.apple.product-type.bundle.ui-testing";
		};
		701EBE762F5348DA0060F5B6 /* WidgetExtension */ = {
			isa = PBXNativeTarget;
			buildConfigurationList = 701EBE8A2F5348DC0060F5B6 /* Build configuration list for PBXNativeTarget "WidgetExtension" */;
			buildPhases = (
				701EBE732F5348DA0060F5B6 /* Sources */,
				701EBE742F5348DA0060F5B6 /* Frameworks */,
				701EBE752F5348DA0060F5B6 /* Resources */,
			);
			buildRules = (
			);
			dependencies = (
			);
			fileSystemSynchronizedGroups = (
				701EBE7D2F5348DA0060F5B6 /* WidgetExtension */,
			);
			name = WidgetExtension;
			packageProductDependencies = (
			);
			productName = NowExtension;
			productReference = 701EBE772F5348DA0060F5B6 /* WidgetExtension.appex */;
			productType = "com.apple.product-type.app-extension";
		};
/* End PBXNativeTarget section */

/* Begin PBXProject section */
		701EBD8D2F4CDF320060F5B6 /* Project object */ = {
			isa = PBXProject;
			attributes = {
				BuildIndependentTargetsInParallel = 1;
				LastSwiftUpdateCheck = 2620;
				LastUpgradeCheck = 2640;
				TargetAttributes = {
					701EBD942F4CDF320060F5B6 = {
						CreatedOnToolsVersion = 26.2;
					};
					701EBDA52F4CDF360060F5B6 = {
						CreatedOnToolsVersion = 26.2;
						TestTargetID = 701EBD942F4CDF320060F5B6;
					};
					701EBDAF2F4CDF360060F5B6 = {
						CreatedOnToolsVersion = 26.2;
						TestTargetID = 701EBD942F4CDF320060F5B6;
					};
					701EBE762F5348DA0060F5B6 = {
						CreatedOnToolsVersion = 26.2;
					};
				};
			};
			buildConfigurationList = 701EBD902F4CDF320060F5B6 /* Build configuration list for PBXProject "Wilgo" */;
			developmentRegion = en;
			hasScannedForEncodings = 0;
			knownRegions = (
				en,
				Base,
			);
			mainGroup = 701EBD8C2F4CDF320060F5B6;
			minimizedProjectReferenceProxies = 1;
			packageReferences = (
				701EBDC62F4E386C0060F5B6 /* XCRemoteSwiftPackageReference "Inject" */,
			);
			preferredProjectObjectVersion = 77;
			productRefGroup = 701EBD962F4CDF320060F5B6 /* Products */;
			projectDirPath = "";
			projectRoot = "";
			targets = (
				701EBD942F4CDF320060F5B6 /* Wilgo */,
				701EBDA52F4CDF360060F5B6 /* WilgoTests */,
				701EBDAF2F4CDF360060F5B6 /* WilgoUITests */,
				701EBE762F5348DA0060F5B6 /* WidgetExtension */,
			);
		};
/* End PBXProject section */

/* Begin PBXResourcesBuildPhase section */
		701EBD932F4CDF320060F5B6 /* Resources */ = {
			isa = PBXResourcesBuildPhase;
			buildActionMask = 2147483647;
			files = (
			);
			runOnlyForDeploymentPostprocessing = 0;
		};
		701EBDA42F4CDF360060F5B6 /* Resources */ = {
			isa = PBXResourcesBuildPhase;
			buildActionMask = 2147483647;
			files = (
			);
			runOnlyForDeploymentPostprocessing = 0;
		};
		701EBDAE2F4CDF360060F5B6 /* Resources */ = {
			isa = PBXResourcesBuildPhase;
			buildActionMask = 2147483647;
			files = (
			);
			runOnlyForDeploymentPostprocessing = 0;
		};
		701EBE752F5348DA0060F5B6 /* Resources */ = {
			isa = PBXResourcesBuildPhase;
			buildActionMask = 2147483647;
			files = (
			);
			runOnlyForDeploymentPostprocessing = 0;
		};
/* End PBXResourcesBuildPhase section */

/* Begin PBXSourcesBuildPhase section */
		701EBD912F4CDF320060F5B6 /* Sources */ = {
			isa = PBXSourcesBuildPhase;
			buildActionMask = 2147483647;
			files = (
				701EC1C32F537F980060F5B6 /* NowAttributes.swift in Sources */,
				700D166F2F838172004B6B57 /* WilgoConstants.swift in Sources */,
			);
			runOnlyForDeploymentPostprocessing = 0;
		};
		701EBDA22F4CDF360060F5B6 /* Sources */ = {
			isa = PBXSourcesBuildPhase;
			buildActionMask = 2147483647;
			files = (
			);
			runOnlyForDeploymentPostprocessing = 0;
		};
		701EBDAC2F4CDF360060F5B6 /* Sources */ = {
			isa = PBXSourcesBuildPhase;
			buildActionMask = 2147483647;
			files = (
			);
			runOnlyForDeploymentPostprocessing = 0;
		};
		701EBE732F5348DA0060F5B6 /* Sources */ = {
			isa = PBXSourcesBuildPhase;
			buildActionMask = 2147483647;
			files = (
				700D166E2F838172004B6B57 /* WilgoConstants.swift in Sources */,
				701EC1C42F537F980060F5B6 /* NowAttributes.swift in Sources */,
			);
			runOnlyForDeploymentPostprocessing = 0;
		};
/* End PBXSourcesBuildPhase section */

/* Begin PBXTargetDependency section */
		701EBDA82F4CDF360060F5B6 /* PBXTargetDependency */ = {
			isa = PBXTargetDependency;
			target = 701EBD942F4CDF320060F5B6 /* Wilgo */;
			targetProxy = 701EBDA72F4CDF360060F5B6 /* PBXContainerItemProxy */;
		};
		701EBDB22F4CDF360060F5B6 /* PBXTargetDependency */ = {
			isa = PBXTargetDependency;
			target = 701EBD942F4CDF320060F5B6 /* Wilgo */;
			targetProxy = 701EBDB12F4CDF360060F5B6 /* PBXContainerItemProxy */;
		};
		701EBE882F5348DC0060F5B6 /* PBXTargetDependency */ = {
			isa = PBXTargetDependency;
			target = 701EBE762F5348DA0060F5B6 /* WidgetExtension */;
			targetProxy = 701EBE872F5348DC0060F5B6 /* PBXContainerItemProxy */;
		};
/* End PBXTargetDependency section */

/* Begin XCBuildConfiguration section */
		701EBDBA2F4CDF360060F5B6 /* Debug */ = {
			isa = XCBuildConfiguration;
			buildSettings = {
				ASSETCATALOG_COMPILER_APPICON_NAME = AppIcon;
				ASSETCATALOG_COMPILER_GLOBAL_ACCENT_COLOR_NAME = AccentColor;
				CODE_SIGN_ENTITLEMENTS = Wilgo/WilgoDebug.entitlements;
				CODE_SIGN_STYLE = Automatic;
				CURRENT_PROJECT_VERSION = 1;
				DEAD_CODE_STRIPPING = YES;
				ENABLE_APP_SANDBOX = YES;
				ENABLE_PREVIEWS = YES;
				ENABLE_USER_SELECTED_FILES = readonly;
				GENERATE_INFOPLIST_FILE = YES;
				INFOPLIST_FILE = Wilgo/Info.plist;
				"INFOPLIST_KEY_UIApplicationSceneManifest_Generation[sdk=iphoneos*]" = YES;
				"INFOPLIST_KEY_UIApplicationSceneManifest_Generation[sdk=iphonesimulator*]" = YES;
				"INFOPLIST_KEY_UIApplicationSupportsIndirectInputEvents[sdk=iphoneos*]" = YES;
				"INFOPLIST_KEY_UIApplicationSupportsIndirectInputEvents[sdk=iphonesimulator*]" = YES;
				"INFOPLIST_KEY_UILaunchScreen_Generation[sdk=iphoneos*]" = YES;
				"INFOPLIST_KEY_UILaunchScreen_Generation[sdk=iphonesimulator*]" = YES;
				"INFOPLIST_KEY_UIStatusBarStyle[sdk=iphoneos*]" = UIStatusBarStyleDefault;
				"INFOPLIST_KEY_UIStatusBarStyle[sdk=iphonesimulator*]" = UIStatusBarStyleDefault;
				INFOPLIST_KEY_UISupportedInterfaceOrientations_iPad = "UIInterfaceOrientationPortrait UIInterfaceOrientationPortraitUpsideDown UIInterfaceOrientationLandscapeLeft UIInterfaceOrientationLandscapeRight";
				INFOPLIST_KEY_UISupportedInterfaceOrientations_iPhone = "UIInterfaceOrientationPortrait UIInterfaceOrientationLandscapeLeft UIInterfaceOrientationLandscapeRight";
				IPHONEOS_DEPLOYMENT_TARGET = 26.2;
				LD_RUNPATH_SEARCH_PATHS = "@executable_path/Frameworks";
				"LD_RUNPATH_SEARCH_PATHS[sdk=macosx*]" = "@executable_path/../Frameworks";
				MACOSX_DEPLOYMENT_TARGET = 15.7;
				MARKETING_VERSION = 1.0;
				PRODUCT_BUNDLE_IDENTIFIER = xyz.soysaucefor3.Wilgo;
				PRODUCT_NAME = "$(TARGET_NAME)";
				REGISTER_APP_GROUPS = YES;
				SDKROOT = auto;
				STRING_CATALOG_GENERATE_SYMBOLS = YES;
				SUPPORTED_PLATFORMS = "iphoneos iphonesimulator";
				SUPPORTS_MACCATALYST = NO;
				SWIFT_APPROACHABLE_CONCURRENCY = YES;
				SWIFT_DEFAULT_ACTOR_ISOLATION = MainActor;
				SWIFT_EMIT_LOC_STRINGS = YES;
				SWIFT_UPCOMING_FEATURE_MEMBER_IMPORT_VISIBILITY = YES;
				SWIFT_VERSION = 5.0;
				TARGETED_DEVICE_FAMILY = "1,2";
				XROS_DEPLOYMENT_TARGET = 26.2;
			};
			name = Debug;
		};
		701EBDBB2F4CDF360060F5B6 /* Release */ = {
			isa = XCBuildConfiguration;
			buildSettings = {
				ASSETCATALOG_COMPILER_APPICON_NAME = AppIcon;
				ASSETCATALOG_COMPILER_GLOBAL_ACCENT_COLOR_NAME = AccentColor;
				CODE_SIGN_ENTITLEMENTS = Wilgo/WilgoRelease.entitlements;
				CODE_SIGN_STYLE = Automatic;
				CURRENT_PROJECT_VERSION = 1;
				DEAD_CODE_STRIPPING = YES;
				ENABLE_APP_SANDBOX = YES;
				ENABLE_PREVIEWS = YES;
				ENABLE_USER_SELECTED_FILES = readonly;
				GENERATE_INFOPLIST_FILE = YES;
				INFOPLIST_FILE = Wilgo/Info.plist;
				"INFOPLIST_KEY_UIApplicationSceneManifest_Generation[sdk=iphoneos*]" = YES;
				"INFOPLIST_KEY_UIApplicationSceneManifest_Generation[sdk=iphonesimulator*]" = YES;
				"INFOPLIST_KEY_UIApplicationSupportsIndirectInputEvents[sdk=iphoneos*]" = YES;
				"INFOPLIST_KEY_UIApplicationSupportsIndirectInputEvents[sdk=iphonesimulator*]" = YES;
				"INFOPLIST_KEY_UILaunchScreen_Generation[sdk=iphoneos*]" = YES;
				"INFOPLIST_KEY_UILaunchScreen_Generation[sdk=iphonesimulator*]" = YES;
				"INFOPLIST_KEY_UIStatusBarStyle[sdk=iphoneos*]" = UIStatusBarStyleDefault;
				"INFOPLIST_KEY_UIStatusBarStyle[sdk=iphonesimulator*]" = UIStatusBarStyleDefault;
				INFOPLIST_KEY_UISupportedInterfaceOrientations_iPad = "UIInterfaceOrientationPortrait UIInterfaceOrientationPortraitUpsideDown UIInterfaceOrientationLandscapeLeft UIInterfaceOrientationLandscapeRight";
				INFOPLIST_KEY_UISupportedInterfaceOrientations_iPhone = "UIInterfaceOrientationPortrait UIInterfaceOrientationLandscapeLeft UIInterfaceOrientationLandscapeRight";
				IPHONEOS_DEPLOYMENT_TARGET = 26.2;
				LD_RUNPATH_SEARCH_PATHS = "@executable_path/Frameworks";
				"LD_RUNPATH_SEARCH_PATHS[sdk=macosx*]" = "@executable_path/../Frameworks";
				MACOSX_DEPLOYMENT_TARGET = 15.7;
				MARKETING_VERSION = 1.0;
				PRODUCT_BUNDLE_IDENTIFIER = xyz.soysaucefor3.Wilgo;
				PRODUCT_NAME = "$(TARGET_NAME)";
				REGISTER_APP_GROUPS = YES;
				SDKROOT = auto;
				STRING_CATALOG_GENERATE_SYMBOLS = YES;
				SUPPORTED_PLATFORMS = "iphoneos iphonesimulator";
				SUPPORTS_MACCATALYST = NO;
				SWIFT_APPROACHABLE_CONCURRENCY = YES;
				SWIFT_DEFAULT_ACTOR_ISOLATION = MainActor;
				SWIFT_EMIT_LOC_STRINGS = YES;
				SWIFT_UPCOMING_FEATURE_MEMBER_IMPORT_VISIBILITY = YES;
				SWIFT_VERSION = 5.0;
				TARGETED_DEVICE_FAMILY = "1,2";
				XROS_DEPLOYMENT_TARGET = 26.2;
			};
			name = Release;
		};
		701EBDBC2F4CDF360060F5B6 /* Debug */ = {
			isa = XCBuildConfiguration;
			buildSettings = {
				ALWAYS_SEARCH_USER_PATHS = NO;
				ASSETCATALOG_COMPILER_GENERATE_SWIFT_ASSET_SYMBOL_EXTENSIONS = YES;
				CLANG_ANALYZER_NONNULL = YES;
				CLANG_ANALYZER_NUMBER_OBJECT_CONVERSION = YES_AGGRESSIVE;
				CLANG_CXX_LANGUAGE_STANDARD = "gnu++20";
				CLANG_ENABLE_MODULES = YES;
				CLANG_ENABLE_OBJC_ARC = YES;
				CLANG_ENABLE_OBJC_WEAK = YES;
				CLANG_WARN_BLOCK_CAPTURE_AUTORELEASING = YES;
				CLANG_WARN_BOOL_CONVERSION = YES;
				CLANG_WARN_COMMA = YES;
				CLANG_WARN_CONSTANT_CONVERSION = YES;
				CLANG_WARN_DEPRECATED_OBJC_IMPLEMENTATIONS = YES;
				CLANG_WARN_DIRECT_OBJC_ISA_USAGE = YES_ERROR;
				CLANG_WARN_DOCUMENTATION_COMMENTS = YES;
				CLANG_WARN_EMPTY_BODY = YES;
				CLANG_WARN_ENUM_CONVERSION = YES;
				CLANG_WARN_INFINITE_RECURSION = YES;
				CLANG_WARN_INT_CONVERSION = YES;
				CLANG_WARN_NON_LITERAL_NULL_CONVERSION = YES;
				CLANG_WARN_OBJC_IMPLICIT_RETAIN_SELF = YES;
				CLANG_WARN_OBJC_LITERAL_CONVERSION = YES;
				CLANG_WARN_OBJC_ROOT_CLASS = YES_ERROR;
				CLANG_WARN_QUOTED_INCLUDE_IN_FRAMEWORK_HEADER = YES;
				CLANG_WARN_RANGE_LOOP_ANALYSIS = YES;
				CLANG_WARN_STRICT_PROTOTYPES = YES;
				CLANG_WARN_SUSPICIOUS_MOVE = YES;
				CLANG_WARN_UNGUARDED_AVAILABILITY = YES_AGGRESSIVE;
				CLANG_WARN_UNREACHABLE_CODE = YES;
				CLANG_WARN__DUPLICATE_METHOD_MATCH = YES;
				COPY_PHASE_STRIP = NO;
				DEAD_CODE_STRIPPING = YES;
				DEBUG_INFORMATION_FORMAT = dwarf;
				DEVELOPMENT_TEAM = K2M4MKG2K6;
				ENABLE_STRICT_OBJC_MSGSEND = YES;
				ENABLE_TESTABILITY = YES;
				ENABLE_USER_SCRIPT_SANDBOXING = YES;
				GCC_C_LANGUAGE_STANDARD = gnu17;
				GCC_DYNAMIC_NO_PIC = NO;
				GCC_NO_COMMON_BLOCKS = YES;
				GCC_OPTIMIZATION_LEVEL = 0;
				GCC_PREPROCESSOR_DEFINITIONS = (
					"DEBUG=1",
					"$(inherited)",
				);
				GCC_WARN_64_TO_32_BIT_CONVERSION = YES;
				GCC_WARN_ABOUT_RETURN_TYPE = YES_ERROR;
				GCC_WARN_UNDECLARED_SELECTOR = YES;
				GCC_WARN_UNINITIALIZED_AUTOS = YES_AGGRESSIVE;
				GCC_WARN_UNUSED_FUNCTION = YES;
				GCC_WARN_UNUSED_VARIABLE = YES;
				LOCALIZATION_PREFERS_STRING_CATALOGS = YES;
				MTL_ENABLE_DEBUG_INFO = INCLUDE_SOURCE;
				MTL_FAST_MATH = YES;
				ONLY_ACTIVE_ARCH = YES;
				STRING_CATALOG_GENERATE_SYMBOLS = YES;
				SWIFT_ACTIVE_COMPILATION_CONDITIONS = "DEBUG $(inherited)";
				SWIFT_OPTIMIZATION_LEVEL = "-Onone";
			};
			name = Debug;
		};
		701EBDBD2F4CDF360060F5B6 /* Release */ = {
			isa = XCBuildConfiguration;
			buildSettings = {
				ALWAYS_SEARCH_USER_PATHS = NO;
				ASSETCATALOG_COMPILER_GENERATE_SWIFT_ASSET_SYMBOL_EXTENSIONS = YES;
				CLANG_ANALYZER_NONNULL = YES;
				CLANG_ANALYZER_NUMBER_OBJECT_CONVERSION = YES_AGGRESSIVE;
				CLANG_CXX_LANGUAGE_STANDARD = "gnu++20";
				CLANG_ENABLE_MODULES = YES;
				CLANG_ENABLE_OBJC_ARC = YES;
				CLANG_ENABLE_OBJC_WEAK = YES;
				CLANG_WARN_BLOCK_CAPTURE_AUTORELEASING = YES;
				CLANG_WARN_BOOL_CONVERSION = YES;
				CLANG_WARN_COMMA = YES;
				CLANG_WARN_CONSTANT_CONVERSION = YES;
				CLANG_WARN_DEPRECATED_OBJC_IMPLEMENTATIONS = YES;
				CLANG_WARN_DIRECT_OBJC_ISA_USAGE = YES_ERROR;
				CLANG_WARN_DOCUMENTATION_COMMENTS = YES;
				CLANG_WARN_EMPTY_BODY = YES;
				CLANG_WARN_ENUM_CONVERSION = YES;
				CLANG_WARN_INFINITE_RECURSION = YES;
				CLANG_WARN_INT_CONVERSION = YES;
				CLANG_WARN_NON_LITERAL_NULL_CONVERSION = YES;
				CLANG_WARN_OBJC_IMPLICIT_RETAIN_SELF = YES;
				CLANG_WARN_OBJC_LITERAL_CONVERSION = YES;
				CLANG_WARN_OBJC_ROOT_CLASS = YES_ERROR;
				CLANG_WARN_QUOTED_INCLUDE_IN_FRAMEWORK_HEADER = YES;
				CLANG_WARN_RANGE_LOOP_ANALYSIS = YES;
				CLANG_WARN_STRICT_PROTOTYPES = YES;
				CLANG_WARN_SUSPICIOUS_MOVE = YES;
				CLANG_WARN_UNGUARDED_AVAILABILITY = YES_AGGRESSIVE;
				CLANG_WARN_UNREACHABLE_CODE = YES;
				CLANG_WARN__DUPLICATE_METHOD_MATCH = YES;
				COPY_PHASE_STRIP = NO;
				DEAD_CODE_STRIPPING = YES;
				DEBUG_INFORMATION_FORMAT = "dwarf-with-dsym";
				DEVELOPMENT_TEAM = K2M4MKG2K6;
				ENABLE_NS_ASSERTIONS = NO;
				ENABLE_STRICT_OBJC_MSGSEND = YES;
				ENABLE_USER_SCRIPT_SANDBOXING = YES;
				GCC_C_LANGUAGE_STANDARD = gnu17;
				GCC_NO_COMMON_BLOCKS = YES;
				GCC_WARN_64_TO_32_BIT_CONVERSION = YES;
				GCC_WARN_ABOUT_RETURN_TYPE = YES_ERROR;
				GCC_WARN_UNDECLARED_SELECTOR = YES;
				GCC_WARN_UNINITIALIZED_AUTOS = YES_AGGRESSIVE;
				GCC_WARN_UNUSED_FUNCTION = YES;
				GCC_WARN_UNUSED_VARIABLE = YES;
				LOCALIZATION_PREFERS_STRING_CATALOGS = YES;
				MTL_ENABLE_DEBUG_INFO = NO;
				MTL_FAST_MATH = YES;
				STRING_CATALOG_GENERATE_SYMBOLS = YES;
				SWIFT_COMPILATION_MODE = wholemodule;
			};
			name = Release;
		};
		701EBDBF2F4CDF360060F5B6 /* Debug */ = {
			isa = XCBuildConfiguration;
			buildSettings = {
				BUNDLE_LOADER = "$(TEST_HOST)";
				CODE_SIGN_STYLE = Automatic;
				CURRENT_PROJECT_VERSION = 1;
				DEAD_CODE_STRIPPING = YES;
				GENERATE_INFOPLIST_FILE = YES;
				IPHONEOS_DEPLOYMENT_TARGET = 26.2;
				MACOSX_DEPLOYMENT_TARGET = 15.7;
				MARKETING_VERSION = 1.0;
				PRODUCT_BUNDLE_IDENTIFIER = xyz.soysaucefor3.WilgoTests;
				PRODUCT_NAME = "$(TARGET_NAME)";
				SDKROOT = auto;
				STRING_CATALOG_GENERATE_SYMBOLS = NO;
				SUPPORTED_PLATFORMS = "iphoneos iphonesimulator";
				SUPPORTS_MACCATALYST = NO;
				SWIFT_APPROACHABLE_CONCURRENCY = YES;
				SWIFT_EMIT_LOC_STRINGS = NO;
				SWIFT_UPCOMING_FEATURE_MEMBER_IMPORT_VISIBILITY = YES;
				SWIFT_VERSION = 5.0;
				TARGETED_DEVICE_FAMILY = "1,2";
				TEST_HOST = "$(BUILT_PRODUCTS_DIR)/Wilgo.app/$(BUNDLE_EXECUTABLE_FOLDER_PATH)/Wilgo";
				XROS_DEPLOYMENT_TARGET = 26.2;
			};
			name = Debug;
		};
		701EBDC02F4CDF360060F5B6 /* Release */ = {
			isa = XCBuildConfiguration;
			buildSettings = {
				BUNDLE_LOADER = "$(TEST_HOST)";
				CODE_SIGN_STYLE = Automatic;
				CURRENT_PROJECT_VERSION = 1;
				DEAD_CODE_STRIPPING = YES;
				GENERATE_INFOPLIST_FILE = YES;
				IPHONEOS_DEPLOYMENT_TARGET = 26.2;
				MACOSX_DEPLOYMENT_TARGET = 15.7;
				MARKETING_VERSION = 1.0;
				PRODUCT_BUNDLE_IDENTIFIER = xyz.soysaucefor3.WilgoTests;
				PRODUCT_NAME = "$(TARGET_NAME)";
				SDKROOT = auto;
				STRING_CATALOG_GENERATE_SYMBOLS = NO;
				SUPPORTED_PLATFORMS = "iphoneos iphonesimulator";
				SUPPORTS_MACCATALYST = NO;
				SWIFT_APPROACHABLE_CONCURRENCY = YES;
				SWIFT_EMIT_LOC_STRINGS = NO;
				SWIFT_UPCOMING_FEATURE_MEMBER_IMPORT_VISIBILITY = YES;
				SWIFT_VERSION = 5.0;
				TARGETED_DEVICE_FAMILY = "1,2";
				TEST_HOST = "$(BUILT_PRODUCTS_DIR)/Wilgo.app/$(BUNDLE_EXECUTABLE_FOLDER_PATH)/Wilgo";
				XROS_DEPLOYMENT_TARGET = 26.2;
			};
			name = Release;
		};
		701EBDC22F4CDF360060F5B6 /* Debug */ = {
			isa = XCBuildConfiguration;
			buildSettings = {
				CODE_SIGN_STYLE = Automatic;
				CURRENT_PROJECT_VERSION = 1;
				DEAD_CODE_STRIPPING = YES;
				GENERATE_INFOPLIST_FILE = YES;
				IPHONEOS_DEPLOYMENT_TARGET = 26.2;
				MACOSX_DEPLOYMENT_TARGET = 15.7;
				MARKETING_VERSION = 1.0;
				PRODUCT_BUNDLE_IDENTIFIER = xyz.soysaucefor3.WilgoUITests;
				PRODUCT_NAME = "$(TARGET_NAME)";
				SDKROOT = auto;
				STRING_CATALOG_GENERATE_SYMBOLS = NO;
				SUPPORTED_PLATFORMS = "iphoneos iphonesimulator";
				SUPPORTS_MACCATALYST = NO;
				SWIFT_APPROACHABLE_CONCURRENCY = YES;
				SWIFT_EMIT_LOC_STRINGS = NO;
				SWIFT_UPCOMING_FEATURE_MEMBER_IMPORT_VISIBILITY = YES;
				SWIFT_VERSION = 5.0;
				TARGETED_DEVICE_FAMILY = "1,2";
				TEST_TARGET_NAME = Wilgo;
				XROS_DEPLOYMENT_TARGET = 26.2;
			};
			name = Debug;
		};
		701EBDC32F4CDF360060F5B6 /* Release */ = {
			isa = XCBuildConfiguration;
			buildSettings = {
				CODE_SIGN_STYLE = Automatic;
				CURRENT_PROJECT_VERSION = 1;
				DEAD_CODE_STRIPPING = YES;
				GENERATE_INFOPLIST_FILE = YES;
				IPHONEOS_DEPLOYMENT_TARGET = 26.2;
				MACOSX_DEPLOYMENT_TARGET = 15.7;
				MARKETING_VERSION = 1.0;
				PRODUCT_BUNDLE_IDENTIFIER = xyz.soysaucefor3.WilgoUITests;
				PRODUCT_NAME = "$(TARGET_NAME)";
				SDKROOT = auto;
				STRING_CATALOG_GENERATE_SYMBOLS = NO;
				SUPPORTED_PLATFORMS = "iphoneos iphonesimulator";
				SUPPORTS_MACCATALYST = NO;
				SWIFT_APPROACHABLE_CONCURRENCY = YES;
				SWIFT_EMIT_LOC_STRINGS = NO;
				SWIFT_UPCOMING_FEATURE_MEMBER_IMPORT_VISIBILITY = YES;
				SWIFT_VERSION = 5.0;
				TARGETED_DEVICE_FAMILY = "1,2";
				TEST_TARGET_NAME = Wilgo;
				XROS_DEPLOYMENT_TARGET = 26.2;
			};
			name = Release;
		};
		701EBE8B2F5348DC0060F5B6 /* Debug */ = {
			isa = XCBuildConfiguration;
			buildSettings = {
				ASSETCATALOG_COMPILER_GLOBAL_ACCENT_COLOR_NAME = AccentColor;
				ASSETCATALOG_COMPILER_WIDGET_BACKGROUND_COLOR_NAME = WidgetBackground;
				CODE_SIGN_ENTITLEMENTS = WidgetExtension/WidgetExtensionDebug.entitlements;
				CODE_SIGN_STYLE = Automatic;
				CURRENT_PROJECT_VERSION = 1;
				GENERATE_INFOPLIST_FILE = YES;
				INFOPLIST_FILE = WidgetExtension/Info.plist;
				INFOPLIST_KEY_CFBundleDisplayName = WidgetExtension;
				INFOPLIST_KEY_NSHumanReadableCopyright = "";
				IPHONEOS_DEPLOYMENT_TARGET = 26.2;
				LD_RUNPATH_SEARCH_PATHS = (
					"$(inherited)",
					"@executable_path/Frameworks",
					"@executable_path/../../Frameworks",
				);
				MARKETING_VERSION = 1.0;
				PRODUCT_BUNDLE_IDENTIFIER = xyz.soysaucefor3.Wilgo.WidgetExtension;
				PRODUCT_NAME = "$(TARGET_NAME)";
				SDKROOT = iphoneos;
				SKIP_INSTALL = YES;
				STRING_CATALOG_GENERATE_SYMBOLS = YES;
				SUPPORTED_PLATFORMS = "iphoneos iphonesimulator";
				SUPPORTS_MACCATALYST = NO;
				SUPPORTS_MAC_DESIGNED_FOR_IPHONE_IPAD = NO;
				SUPPORTS_XR_DESIGNED_FOR_IPHONE_IPAD = NO;
				SWIFT_APPROACHABLE_CONCURRENCY = YES;
				SWIFT_EMIT_LOC_STRINGS = YES;
				SWIFT_UPCOMING_FEATURE_MEMBER_IMPORT_VISIBILITY = YES;
				SWIFT_VERSION = 5.0;
				TARGETED_DEVICE_FAMILY = "1,2";
			};
			name = Debug;
		};
		701EBE8C2F5348DC0060F5B6 /* Release */ = {
			isa = XCBuildConfiguration;
			buildSettings = {
				ASSETCATALOG_COMPILER_GLOBAL_ACCENT_COLOR_NAME = AccentColor;
				ASSETCATALOG_COMPILER_WIDGET_BACKGROUND_COLOR_NAME = WidgetBackground;
				CODE_SIGN_ENTITLEMENTS = WidgetExtension/WidgetExtensionRelease.entitlements;
				CODE_SIGN_STYLE = Automatic;
				CURRENT_PROJECT_VERSION = 1;
				GENERATE_INFOPLIST_FILE = YES;
				INFOPLIST_FILE = WidgetExtension/Info.plist;
				INFOPLIST_KEY_CFBundleDisplayName = WidgetExtension;
				INFOPLIST_KEY_NSHumanReadableCopyright = "";
				IPHONEOS_DEPLOYMENT_TARGET = 26.2;
				LD_RUNPATH_SEARCH_PATHS = (
					"$(inherited)",
					"@executable_path/Frameworks",
					"@executable_path/../../Frameworks",
				);
				MARKETING_VERSION = 1.0;
				PRODUCT_BUNDLE_IDENTIFIER = xyz.soysaucefor3.Wilgo.WidgetExtension;
				PRODUCT_NAME = "$(TARGET_NAME)";
				SDKROOT = iphoneos;
				SKIP_INSTALL = YES;
				STRING_CATALOG_GENERATE_SYMBOLS = YES;
				SUPPORTED_PLATFORMS = "iphoneos iphonesimulator";
				SUPPORTS_MACCATALYST = NO;
				SUPPORTS_MAC_DESIGNED_FOR_IPHONE_IPAD = NO;
				SUPPORTS_XR_DESIGNED_FOR_IPHONE_IPAD = NO;
				SWIFT_APPROACHABLE_CONCURRENCY = YES;
				SWIFT_EMIT_LOC_STRINGS = YES;
				SWIFT_UPCOMING_FEATURE_MEMBER_IMPORT_VISIBILITY = YES;
				SWIFT_VERSION = 5.0;
				TARGETED_DEVICE_FAMILY = "1,2";
				VALIDATE_PRODUCT = YES;
			};
			name = Release;
		};
/* End XCBuildConfiguration section */

/* Begin XCConfigurationList section */
		701EBD902F4CDF320060F5B6 /* Build configuration list for PBXProject "Wilgo" */ = {
			isa = XCConfigurationList;
			buildConfigurations = (
				701EBDBC2F4CDF360060F5B6 /* Debug */,
				701EBDBD2F4CDF360060F5B6 /* Release */,
			);
			defaultConfigurationIsVisible = 0;
			defaultConfigurationName = Release;
		};
		701EBDB92F4CDF360060F5B6 /* Build configuration list for PBXNativeTarget "Wilgo" */ = {
			isa = XCConfigurationList;
			buildConfigurations = (
				701EBDBA2F4CDF360060F5B6 /* Debug */,
				701EBDBB2F4CDF360060F5B6 /* Release */,
			);
			defaultConfigurationIsVisible = 0;
			defaultConfigurationName = Release;
		};
		701EBDBE2F4CDF360060F5B6 /* Build configuration list for PBXNativeTarget "WilgoTests" */ = {
			isa = XCConfigurationList;
			buildConfigurations = (
				701EBDBF2F4CDF360060F5B6 /* Debug */,
				701EBDC02F4CDF360060F5B6 /* Release */,
			);
			defaultConfigurationIsVisible = 0;
			defaultConfigurationName = Release;
		};
		701EBDC12F4CDF360060F5B6 /* Build configuration list for PBXNativeTarget "WilgoUITests" */ = {
			isa = XCConfigurationList;
			buildConfigurations = (
				701EBDC22F4CDF360060F5B6 /* Debug */,
				701EBDC32F4CDF360060F5B6 /* Release */,
			);
			defaultConfigurationIsVisible = 0;
			defaultConfigurationName = Release;
		};
		701EBE8A2F5348DC0060F5B6 /* Build configuration list for PBXNativeTarget "WidgetExtension" */ = {
			isa = XCConfigurationList;
			buildConfigurations = (
				701EBE8B2F5348DC0060F5B6 /* Debug */,
				701EBE8C2F5348DC0060F5B6 /* Release */,
			);
			defaultConfigurationIsVisible = 0;
			defaultConfigurationName = Release;
		};
/* End XCConfigurationList section */

/* Begin XCRemoteSwiftPackageReference section */
		701EBDC62F4E386C0060F5B6 /* XCRemoteSwiftPackageReference "Inject" */ = {
			isa = XCRemoteSwiftPackageReference;
			repositoryURL = "https://github.com/krzysztofzablocki/Inject.git";
			requirement = {
				kind = upToNextMajorVersion;
				minimumVersion = 1.5.2;
			};
		};
/* End XCRemoteSwiftPackageReference section */

/* Begin XCSwiftPackageProductDependency section */
		701EBDC72F4E386C0060F5B6 /* Inject */ = {
			isa = XCSwiftPackageProductDependency;
			package = 701EBDC62F4E386C0060F5B6 /* XCRemoteSwiftPackageReference "Inject" */;
			productName = Inject;
		};
/* End XCSwiftPackageProductDependency section */
	};
	rootObject = 701EBD8D2F4CDF320060F5B6 /* Project object */;
}
